# THIS IS AN AUTOGENERATED FILE. DO NOT EDIT THIS FILE DIRECTLY.
# yarn lockfile v1


"@ckeditor/ckeditor5-adapter-ckfinder@43.2.0":
  version "43.2.0"
  resolved "https://registry.yarnpkg.com/@ckeditor/ckeditor5-adapter-ckfinder/-/ckeditor5-adapter-ckfinder-43.2.0.tgz#68891c2e8d49069bbb2266e28801d656ece73537"
  integrity sha512-RiZXc6l05yfkkSyJRxyDAnqqUxMXHboZxooptBUweUm1ofXltyaGkFa5D4kBMS5prrAEXrdpJ9uMZPvjY2BF7g==
  dependencies:
    "@ckeditor/ckeditor5-core" "43.2.0"
    "@ckeditor/ckeditor5-upload" "43.2.0"
    ckeditor5 "43.2.0"

"@ckeditor/ckeditor5-alignment@43.2.0":
  version "43.2.0"
  resolved "https://registry.yarnpkg.com/@ckeditor/ckeditor5-alignment/-/ckeditor5-alignment-43.2.0.tgz#af38e1fefd54c22b11eeab92839d2f8f472ce0e6"
  integrity sha512-Yhh+1FmmcycBtFRX3nqULe/EiF5Y28eLEkmdus16jhfImtMFLzt344+SrcTkd2uQfC4U+yVlxmOo6/lbR1R7Qw==
  dependencies:
    "@ckeditor/ckeditor5-core" "43.2.0"
    "@ckeditor/ckeditor5-ui" "43.2.0"
    "@ckeditor/ckeditor5-utils" "43.2.0"
    ckeditor5 "43.2.0"

"@ckeditor/ckeditor5-autoformat@43.2.0":
  version "43.2.0"
  resolved "https://registry.yarnpkg.com/@ckeditor/ckeditor5-autoformat/-/ckeditor5-autoformat-43.2.0.tgz#45e49cf6e0999d66cf170a8d67d26fa01288eacc"
  integrity sha512-8b/POJT08kR9eDeZXIEiU0CKIBanusbnSku+a//63hrW2urzS3F9umKsD8Y1I/xoKGm/ew4yVtncQRaCUEE7lA==
  dependencies:
    "@ckeditor/ckeditor5-core" "43.2.0"
    "@ckeditor/ckeditor5-engine" "43.2.0"
    "@ckeditor/ckeditor5-typing" "43.2.0"
    "@ckeditor/ckeditor5-utils" "43.2.0"
    ckeditor5 "43.2.0"

"@ckeditor/ckeditor5-autosave@43.2.0":
  version "43.2.0"
  resolved "https://registry.yarnpkg.com/@ckeditor/ckeditor5-autosave/-/ckeditor5-autosave-43.2.0.tgz#f68bcf67e72fea6d6a8d6fd4ffaf0fe4e134d517"
  integrity sha512-ZDpWibRaXmwsFNPE0Q3Mc93yarR+zcgiCpEW5oZh68vUdR1aL63D3GqGI3ok4EgFKsCTQWHpB1WejyUJecVcMw==
  dependencies:
    "@ckeditor/ckeditor5-core" "43.2.0"
    "@ckeditor/ckeditor5-utils" "43.2.0"
    ckeditor5 "43.2.0"
    lodash-es "4.17.21"

"@ckeditor/ckeditor5-basic-styles@43.2.0":
  version "43.2.0"
  resolved "https://registry.yarnpkg.com/@ckeditor/ckeditor5-basic-styles/-/ckeditor5-basic-styles-43.2.0.tgz#9813986f8031387954e80c4d270c5fa3ab280b16"
  integrity sha512-v1BS3JtD+6fAPx23Sbr+IZ39RAaiIoISursInuGTWU+kJ3RDh7fByKEt4A8kia4ZfSd1b469i/4LOiikN+jfxQ==
  dependencies:
    "@ckeditor/ckeditor5-core" "43.2.0"
    "@ckeditor/ckeditor5-typing" "43.2.0"
    "@ckeditor/ckeditor5-ui" "43.2.0"
    ckeditor5 "43.2.0"

"@ckeditor/ckeditor5-block-quote@43.2.0":
  version "43.2.0"
  resolved "https://registry.yarnpkg.com/@ckeditor/ckeditor5-block-quote/-/ckeditor5-block-quote-43.2.0.tgz#6fd1a1785d4c725bd788b257ae59aa75cd60eb2f"
  integrity sha512-0T5zy3vitecSWaRd7uhxvyHLLVJUutpeJHMqupKPZaOJlgJOqa9hFOFsK2t4y8EVTtLTx5UfFzTudK449kFnBg==
  dependencies:
    "@ckeditor/ckeditor5-core" "43.2.0"
    "@ckeditor/ckeditor5-enter" "43.2.0"
    "@ckeditor/ckeditor5-typing" "43.2.0"
    "@ckeditor/ckeditor5-ui" "43.2.0"
    "@ckeditor/ckeditor5-utils" "43.2.0"
    ckeditor5 "43.2.0"

"@ckeditor/ckeditor5-build-classic@^43.2.0":
  version "43.2.0"
  resolved "https://registry.yarnpkg.com/@ckeditor/ckeditor5-build-classic/-/ckeditor5-build-classic-43.2.0.tgz#6ddc40f66e5fb97b06fefbfe7cc5ab2e3036dd95"
  integrity sha512-IZX6Rf2EHdKB+9yH31mItaqDIP+KASO/Za3pWaG44lRvDQsjPB+3/ee6W+6fGv85asfixxrdA3DCq9bxPjfmQQ==
  dependencies:
    "@ckeditor/ckeditor5-adapter-ckfinder" "43.2.0"
    "@ckeditor/ckeditor5-autoformat" "43.2.0"
    "@ckeditor/ckeditor5-basic-styles" "43.2.0"
    "@ckeditor/ckeditor5-block-quote" "43.2.0"
    "@ckeditor/ckeditor5-ckbox" "43.2.0"
    "@ckeditor/ckeditor5-ckfinder" "43.2.0"
    "@ckeditor/ckeditor5-cloud-services" "43.2.0"
    "@ckeditor/ckeditor5-easy-image" "43.2.0"
    "@ckeditor/ckeditor5-editor-classic" "43.2.0"
    "@ckeditor/ckeditor5-essentials" "43.2.0"
    "@ckeditor/ckeditor5-heading" "43.2.0"
    "@ckeditor/ckeditor5-image" "43.2.0"
    "@ckeditor/ckeditor5-indent" "43.2.0"
    "@ckeditor/ckeditor5-link" "43.2.0"
    "@ckeditor/ckeditor5-list" "43.2.0"
    "@ckeditor/ckeditor5-media-embed" "43.2.0"
    "@ckeditor/ckeditor5-paragraph" "43.2.0"
    "@ckeditor/ckeditor5-paste-from-office" "43.2.0"
    "@ckeditor/ckeditor5-table" "43.2.0"
    "@ckeditor/ckeditor5-typing" "43.2.0"

"@ckeditor/ckeditor5-ckbox@43.2.0":
  version "43.2.0"
  resolved "https://registry.yarnpkg.com/@ckeditor/ckeditor5-ckbox/-/ckeditor5-ckbox-43.2.0.tgz#d1572527384dc7ccceda8ddd55a64a9dcc9e3800"
  integrity sha512-HSjYz2fYA2iJhua3wExApBYKz6k6AuSZmm2CG/X7cYFvq44OCIuOOkjqSABcByvVAtzOUerqWhurwBXTp/QrUg==
  dependencies:
    "@ckeditor/ckeditor5-core" "43.2.0"
    "@ckeditor/ckeditor5-engine" "43.2.0"
    "@ckeditor/ckeditor5-ui" "43.2.0"
    "@ckeditor/ckeditor5-upload" "43.2.0"
    "@ckeditor/ckeditor5-utils" "43.2.0"
    blurhash "2.0.5"
    ckeditor5 "43.2.0"
    lodash-es "4.17.21"

"@ckeditor/ckeditor5-ckfinder@43.2.0":
  version "43.2.0"
  resolved "https://registry.yarnpkg.com/@ckeditor/ckeditor5-ckfinder/-/ckeditor5-ckfinder-43.2.0.tgz#096b727e84863f36525aa9871fbcaf12e35cfca5"
  integrity sha512-GOMI/FTTGglQBxVIGMxQwVIDD+gCQenegjMlol2eCDsys3td5mtzp0sEYPXCHeJY8u/R28K3ySWvKlrp8YBQ0Q==
  dependencies:
    "@ckeditor/ckeditor5-core" "43.2.0"
    "@ckeditor/ckeditor5-ui" "43.2.0"
    "@ckeditor/ckeditor5-utils" "43.2.0"
    ckeditor5 "43.2.0"

"@ckeditor/ckeditor5-clipboard@43.2.0":
  version "43.2.0"
  resolved "https://registry.yarnpkg.com/@ckeditor/ckeditor5-clipboard/-/ckeditor5-clipboard-43.2.0.tgz#939fc56fcfacf39fb75e3219a7b1ac2e9b307234"
  integrity sha512-109dffphyvUEhdGDP7GIj6zEHb493QNVEY6Rbl8o9Q0Ia+AAmDGX3VWFewiFC325tWaeVW72wwXXeaCSLRpt2w==
  dependencies:
    "@ckeditor/ckeditor5-core" "43.2.0"
    "@ckeditor/ckeditor5-engine" "43.2.0"
    "@ckeditor/ckeditor5-ui" "43.2.0"
    "@ckeditor/ckeditor5-utils" "43.2.0"
    "@ckeditor/ckeditor5-widget" "43.2.0"
    lodash-es "4.17.21"

"@ckeditor/ckeditor5-cloud-services@43.2.0":
  version "43.2.0"
  resolved "https://registry.yarnpkg.com/@ckeditor/ckeditor5-cloud-services/-/ckeditor5-cloud-services-43.2.0.tgz#ee013465aabe46a9322bc74933ae117a8a8f1c89"
  integrity sha512-bcnklICj88ZNXTnjHdXt74zsxk9RBK1KXIZXKMT2K8NLZQZkppnzPICjDfFJ31BvcvYmFE3mKuVNeLnsofyezQ==
  dependencies:
    "@ckeditor/ckeditor5-core" "43.2.0"
    "@ckeditor/ckeditor5-utils" "43.2.0"
    ckeditor5 "43.2.0"

"@ckeditor/ckeditor5-code-block@43.2.0":
  version "43.2.0"
  resolved "https://registry.yarnpkg.com/@ckeditor/ckeditor5-code-block/-/ckeditor5-code-block-43.2.0.tgz#2dcb1d26cf56430fbe54a805bc768ae32fb946d6"
  integrity sha512-tNgqpcgigruSdbaJnl08BpOYkKs9mFA284hsTyptmxOloq/igEBvSgBfJDchUGVT0Lm78hAlcirdVKrwku5Eew==
  dependencies:
    "@ckeditor/ckeditor5-clipboard" "43.2.0"
    "@ckeditor/ckeditor5-core" "43.2.0"
    "@ckeditor/ckeditor5-engine" "43.2.0"
    "@ckeditor/ckeditor5-enter" "43.2.0"
    "@ckeditor/ckeditor5-ui" "43.2.0"
    "@ckeditor/ckeditor5-utils" "43.2.0"
    ckeditor5 "43.2.0"

"@ckeditor/ckeditor5-core@43.2.0":
  version "43.2.0"
  resolved "https://registry.yarnpkg.com/@ckeditor/ckeditor5-core/-/ckeditor5-core-43.2.0.tgz#557efa3025f3a8d788587f36b3efa8585274b324"
  integrity sha512-LLyDuNQdTC+P1E91SMAPGNTpDOLwsQK4OayO/qUS1sDxqWfv/YFxEpN/vBXEHbg5Q3LS2wW1HR6a4o/w7Wwt8w==
  dependencies:
    "@ckeditor/ckeditor5-engine" "43.2.0"
    "@ckeditor/ckeditor5-utils" "43.2.0"
    "@ckeditor/ckeditor5-watchdog" "43.2.0"
    lodash-es "4.17.21"

"@ckeditor/ckeditor5-easy-image@43.2.0":
  version "43.2.0"
  resolved "https://registry.yarnpkg.com/@ckeditor/ckeditor5-easy-image/-/ckeditor5-easy-image-43.2.0.tgz#4b40081bd41d403a9e96efcef0a885901133e415"
  integrity sha512-mRIU5GRVTwv2uMHdoP4p/Jv6lgusmOBUp7p2PkmEEyo1MBG7t+b76rMWePFfBZKmXFmdO8lATJg/SGUNK7JIyg==
  dependencies:
    "@ckeditor/ckeditor5-core" "43.2.0"
    "@ckeditor/ckeditor5-upload" "43.2.0"
    "@ckeditor/ckeditor5-utils" "43.2.0"
    ckeditor5 "43.2.0"

"@ckeditor/ckeditor5-editor-balloon@43.2.0":
  version "43.2.0"
  resolved "https://registry.yarnpkg.com/@ckeditor/ckeditor5-editor-balloon/-/ckeditor5-editor-balloon-43.2.0.tgz#6f8edde9027b64725c9b55d5f000a8bff9e94635"
  integrity sha512-KtSX8mZTHphUMn7Uf9S3lRDBJI+m5POVvvCRFYDo+AsPO6FN72hZslpseOlAVTcJ0FIYM4aiqAFg1jojeoDyqQ==
  dependencies:
    "@ckeditor/ckeditor5-core" "43.2.0"
    "@ckeditor/ckeditor5-engine" "43.2.0"
    "@ckeditor/ckeditor5-ui" "43.2.0"
    "@ckeditor/ckeditor5-utils" "43.2.0"
    ckeditor5 "43.2.0"
    lodash-es "4.17.21"

"@ckeditor/ckeditor5-editor-classic@43.2.0":
  version "43.2.0"
  resolved "https://registry.yarnpkg.com/@ckeditor/ckeditor5-editor-classic/-/ckeditor5-editor-classic-43.2.0.tgz#3a9ed924da5dfe887748f54744ef6850a002b845"
  integrity sha512-D07TxNnJb0qSKe3QicNsaZh28tIXEjmrib4Gnbc2McWi7nDYoxoF1dyUygxFR4OHQ6DXfYU4VUW9EKlJ8ZfSAg==
  dependencies:
    "@ckeditor/ckeditor5-core" "43.2.0"
    "@ckeditor/ckeditor5-engine" "43.2.0"
    "@ckeditor/ckeditor5-ui" "43.2.0"
    "@ckeditor/ckeditor5-utils" "43.2.0"
    ckeditor5 "43.2.0"
    lodash-es "4.17.21"

"@ckeditor/ckeditor5-editor-decoupled@43.2.0":
  version "43.2.0"
  resolved "https://registry.yarnpkg.com/@ckeditor/ckeditor5-editor-decoupled/-/ckeditor5-editor-decoupled-43.2.0.tgz#680e6616967452a00161142435e61d70a4d65f4e"
  integrity sha512-2vgfOd7sqptBRu6de0qq+hwQd7BuUu1rgfbuWB/msa2zMxwKLNoWwYNFz0N9Mm7b49jaMkQYjaOYFh1zE7BEMQ==
  dependencies:
    "@ckeditor/ckeditor5-core" "43.2.0"
    "@ckeditor/ckeditor5-engine" "43.2.0"
    "@ckeditor/ckeditor5-ui" "43.2.0"
    "@ckeditor/ckeditor5-utils" "43.2.0"
    ckeditor5 "43.2.0"
    lodash-es "4.17.21"

"@ckeditor/ckeditor5-editor-inline@43.2.0":
  version "43.2.0"
  resolved "https://registry.yarnpkg.com/@ckeditor/ckeditor5-editor-inline/-/ckeditor5-editor-inline-43.2.0.tgz#8c4e6786e8ff22e902dece87bec496be933dd2d4"
  integrity sha512-MCb5ljlr4Jp9pYtKAUhLbtOcxHuiMOOPWCrwYmpDogzBss//G2+LILqWqal3b6YUm2WSm37NorGQ+KdPmOh5ow==
  dependencies:
    "@ckeditor/ckeditor5-core" "43.2.0"
    "@ckeditor/ckeditor5-engine" "43.2.0"
    "@ckeditor/ckeditor5-ui" "43.2.0"
    "@ckeditor/ckeditor5-utils" "43.2.0"
    ckeditor5 "43.2.0"
    lodash-es "4.17.21"

"@ckeditor/ckeditor5-editor-multi-root@43.2.0":
  version "43.2.0"
  resolved "https://registry.yarnpkg.com/@ckeditor/ckeditor5-editor-multi-root/-/ckeditor5-editor-multi-root-43.2.0.tgz#f8cdffe2f9393ddaf54500e02c767fb8594f23cb"
  integrity sha512-nQcYWsetSG2h5NZOWuHf90VTxE82KBqetO3S0emMmlUstGmVk69KMlQDxU6UZhbB5NptVsgMSG2Y9Cd8XnrO0A==
  dependencies:
    "@ckeditor/ckeditor5-core" "43.2.0"
    "@ckeditor/ckeditor5-engine" "43.2.0"
    "@ckeditor/ckeditor5-ui" "43.2.0"
    "@ckeditor/ckeditor5-utils" "43.2.0"
    ckeditor5 "43.2.0"
    lodash-es "4.17.21"

"@ckeditor/ckeditor5-engine@43.2.0":
  version "43.2.0"
  resolved "https://registry.yarnpkg.com/@ckeditor/ckeditor5-engine/-/ckeditor5-engine-43.2.0.tgz#6a3cd006428f24d60f8db0123d94dbce10c58b9b"
  integrity sha512-fTrhFe+qUFZ+mvRd6KrvDzXAdMoyE44P4640iU7aOoqnlf2Z7D9wQN7ak+ysRKuccIt9t6Tidl8pmT3BRoBGfA==
  dependencies:
    "@ckeditor/ckeditor5-utils" "43.2.0"
    lodash-es "4.17.21"

"@ckeditor/ckeditor5-enter@43.2.0":
  version "43.2.0"
  resolved "https://registry.yarnpkg.com/@ckeditor/ckeditor5-enter/-/ckeditor5-enter-43.2.0.tgz#ee564c454c8d91f6e26c4d1404f86e07fe75ac60"
  integrity sha512-uFnexEaYyOYgekrpPgbA6tCiEPEXOtr1AoATVlIzy2Kb0SfJkfUyciV8559+tK9w16zI4tgMYJrwt0ktg55EYA==
  dependencies:
    "@ckeditor/ckeditor5-core" "43.2.0"
    "@ckeditor/ckeditor5-engine" "43.2.0"
    "@ckeditor/ckeditor5-utils" "43.2.0"

"@ckeditor/ckeditor5-essentials@43.2.0":
  version "43.2.0"
  resolved "https://registry.yarnpkg.com/@ckeditor/ckeditor5-essentials/-/ckeditor5-essentials-43.2.0.tgz#b51327195387b60da88f09495315ef6f25a759a7"
  integrity sha512-Nb0utwH+j4Kqn8OBzcHYBexJAnlJUMC3jrLnVW2mqbd71HTRFozJ6/MDdX1gIUoQswhl6pVZRLmly26HEubUPQ==
  dependencies:
    "@ckeditor/ckeditor5-clipboard" "43.2.0"
    "@ckeditor/ckeditor5-core" "43.2.0"
    "@ckeditor/ckeditor5-enter" "43.2.0"
    "@ckeditor/ckeditor5-select-all" "43.2.0"
    "@ckeditor/ckeditor5-typing" "43.2.0"
    "@ckeditor/ckeditor5-ui" "43.2.0"
    "@ckeditor/ckeditor5-undo" "43.2.0"
    ckeditor5 "43.2.0"

"@ckeditor/ckeditor5-find-and-replace@43.2.0":
  version "43.2.0"
  resolved "https://registry.yarnpkg.com/@ckeditor/ckeditor5-find-and-replace/-/ckeditor5-find-and-replace-43.2.0.tgz#892319f92a5be1bf0540fe8b3b004279b23b692f"
  integrity sha512-MKN4rEeq/RWi+++dLBIA/b9tacEd7pnFM8mewLDsehT1RPvWPeGy2e5dN6ugi5zn3It7UcIdkCQE7GLmsLGGBA==
  dependencies:
    "@ckeditor/ckeditor5-core" "43.2.0"
    "@ckeditor/ckeditor5-ui" "43.2.0"
    "@ckeditor/ckeditor5-utils" "43.2.0"
    ckeditor5 "43.2.0"
    lodash-es "4.17.21"

"@ckeditor/ckeditor5-font@43.2.0":
  version "43.2.0"
  resolved "https://registry.yarnpkg.com/@ckeditor/ckeditor5-font/-/ckeditor5-font-43.2.0.tgz#cba296e1c4e54134d407c1143712d58b5f8579d4"
  integrity sha512-3BUhy3AtB+SGiLA3ZsX3+JAhD7KmexEwfGKgrX4kDs9iMOg7xVXXHbdeJGEGV8oJc4hNgp34lt3lpFtCApBNgw==
  dependencies:
    "@ckeditor/ckeditor5-core" "43.2.0"
    "@ckeditor/ckeditor5-engine" "43.2.0"
    "@ckeditor/ckeditor5-ui" "43.2.0"
    "@ckeditor/ckeditor5-utils" "43.2.0"
    ckeditor5 "43.2.0"

"@ckeditor/ckeditor5-heading@43.2.0":
  version "43.2.0"
  resolved "https://registry.yarnpkg.com/@ckeditor/ckeditor5-heading/-/ckeditor5-heading-43.2.0.tgz#1405542de1f54e98905a9caf6b57b2da254adeff"
  integrity sha512-nGvzMYN+2SRHxe99YhFwRpqw44W2lHbFNuWp0YiV3iYSgpQPwATFFpLXvyOMXOKY4dcob2KiDcogfWVoFxmMdQ==
  dependencies:
    "@ckeditor/ckeditor5-core" "43.2.0"
    "@ckeditor/ckeditor5-engine" "43.2.0"
    "@ckeditor/ckeditor5-paragraph" "43.2.0"
    "@ckeditor/ckeditor5-ui" "43.2.0"
    "@ckeditor/ckeditor5-utils" "43.2.0"
    ckeditor5 "43.2.0"

"@ckeditor/ckeditor5-highlight@43.2.0":
  version "43.2.0"
  resolved "https://registry.yarnpkg.com/@ckeditor/ckeditor5-highlight/-/ckeditor5-highlight-43.2.0.tgz#569141c40c0628440cd2d2e881838bb9178cf484"
  integrity sha512-9zhf80TyheMxUXXScjSstVUAZMjeDs/SCbhWYwFR/ZZN3Vyhp7kD+WhyyezueHQLyPNiLZNzer7LQ/MB3b+8Lg==
  dependencies:
    "@ckeditor/ckeditor5-core" "43.2.0"
    "@ckeditor/ckeditor5-ui" "43.2.0"
    ckeditor5 "43.2.0"

"@ckeditor/ckeditor5-horizontal-line@43.2.0":
  version "43.2.0"
  resolved "https://registry.yarnpkg.com/@ckeditor/ckeditor5-horizontal-line/-/ckeditor5-horizontal-line-43.2.0.tgz#31663a2ada9b1217aec7952d6a9b0a073b2cbe82"
  integrity sha512-d92LsTiOSsHEHeQbWJz5xqj+yYRbo1xiz2bix0cN1BoEsm6iEFJKUPewvh48cISdkw5RPKfDrfzbiBCDZsMlEw==
  dependencies:
    "@ckeditor/ckeditor5-core" "43.2.0"
    "@ckeditor/ckeditor5-ui" "43.2.0"
    "@ckeditor/ckeditor5-widget" "43.2.0"
    ckeditor5 "43.2.0"

"@ckeditor/ckeditor5-html-embed@43.2.0":
  version "43.2.0"
  resolved "https://registry.yarnpkg.com/@ckeditor/ckeditor5-html-embed/-/ckeditor5-html-embed-43.2.0.tgz#0dd3badcd808e5d8d20f3b6bc9019ed5ae81f9e5"
  integrity sha512-F55r0UQy53cKlWWGRcYTjrYpQd86jkHEqk901uC0FJdBwpLqV6ZDxCb+w5dMQ6cUh5oYKuILeu0ZZ0KF1C+HQA==
  dependencies:
    "@ckeditor/ckeditor5-core" "43.2.0"
    "@ckeditor/ckeditor5-ui" "43.2.0"
    "@ckeditor/ckeditor5-utils" "43.2.0"
    "@ckeditor/ckeditor5-widget" "43.2.0"
    ckeditor5 "43.2.0"

"@ckeditor/ckeditor5-html-support@43.2.0":
  version "43.2.0"
  resolved "https://registry.yarnpkg.com/@ckeditor/ckeditor5-html-support/-/ckeditor5-html-support-43.2.0.tgz#afcada18927978278ecb2e25db58ea4572c05eca"
  integrity sha512-VOjT73VbtiBLy/Qsn9aWib9LhkfXZSbfAHSttIsW3Y8v2am827uf4dL2Y2pop3pcXJdoB+LVGiTFdk1mBDvAFg==
  dependencies:
    "@ckeditor/ckeditor5-core" "43.2.0"
    "@ckeditor/ckeditor5-engine" "43.2.0"
    "@ckeditor/ckeditor5-enter" "43.2.0"
    "@ckeditor/ckeditor5-utils" "43.2.0"
    "@ckeditor/ckeditor5-widget" "43.2.0"
    ckeditor5 "43.2.0"
    lodash-es "4.17.21"

"@ckeditor/ckeditor5-image@43.2.0":
  version "43.2.0"
  resolved "https://registry.yarnpkg.com/@ckeditor/ckeditor5-image/-/ckeditor5-image-43.2.0.tgz#015c00673ac352d7582e96f707c4d50caaa41eb3"
  integrity sha512-UZVd9sZ9nuG3kZUUUgXzqTkT7YSZs4wvu98NuSgBC3T6l0UlJjdf//GQa1estxNDDc+yCjRk02u+sbHW+eUY0A==
  dependencies:
    "@ckeditor/ckeditor5-clipboard" "43.2.0"
    "@ckeditor/ckeditor5-core" "43.2.0"
    "@ckeditor/ckeditor5-engine" "43.2.0"
    "@ckeditor/ckeditor5-typing" "43.2.0"
    "@ckeditor/ckeditor5-ui" "43.2.0"
    "@ckeditor/ckeditor5-undo" "43.2.0"
    "@ckeditor/ckeditor5-upload" "43.2.0"
    "@ckeditor/ckeditor5-utils" "43.2.0"
    "@ckeditor/ckeditor5-widget" "43.2.0"
    ckeditor5 "43.2.0"
    lodash-es "4.17.21"

"@ckeditor/ckeditor5-indent@43.2.0":
  version "43.2.0"
  resolved "https://registry.yarnpkg.com/@ckeditor/ckeditor5-indent/-/ckeditor5-indent-43.2.0.tgz#5d1cb171cdda2c85c8b52255848a97fdb6b7c8fb"
  integrity sha512-hzqAXOlxblaWNQ9eAGP/30kMLk+mMPES2/02B6QmI/CSYgwhXK1FVSTfZN0u6Cw94lWQ+EJr7riP2LCc85Rvfw==
  dependencies:
    "@ckeditor/ckeditor5-core" "43.2.0"
    "@ckeditor/ckeditor5-engine" "43.2.0"
    "@ckeditor/ckeditor5-ui" "43.2.0"
    "@ckeditor/ckeditor5-utils" "43.2.0"
    ckeditor5 "43.2.0"

"@ckeditor/ckeditor5-integrations-common@^2.1.0":
  version "2.1.0"
  resolved "https://registry.yarnpkg.com/@ckeditor/ckeditor5-integrations-common/-/ckeditor5-integrations-common-2.1.0.tgz#5e1423ff764c421d8181a35f73677610038f1fb8"
  integrity sha512-vn6qMb36sl6eSCc27dvThk6xISif59MxnxZmRBC440TyP7S9ZcS0ai4yHd5QyaH70ZIe0lhS7DWdLaiKtBggVQ==

"@ckeditor/ckeditor5-language@43.2.0":
  version "43.2.0"
  resolved "https://registry.yarnpkg.com/@ckeditor/ckeditor5-language/-/ckeditor5-language-43.2.0.tgz#97ff46be45871ba39905aa038617ac64526ca698"
  integrity sha512-NSL9E0ROyffTHGKyIpqD27NclOXDhAFO8L9Z9kghqESNsCdOZJKKme+EK376r5gWHsiBNnKZ/5yQOUrGwATtuw==
  dependencies:
    "@ckeditor/ckeditor5-core" "43.2.0"
    "@ckeditor/ckeditor5-ui" "43.2.0"
    "@ckeditor/ckeditor5-utils" "43.2.0"
    ckeditor5 "43.2.0"

"@ckeditor/ckeditor5-link@43.2.0":
  version "43.2.0"
  resolved "https://registry.yarnpkg.com/@ckeditor/ckeditor5-link/-/ckeditor5-link-43.2.0.tgz#cd4a864a74985575feb719a96719071d85049263"
  integrity sha512-PyU3bPyCzvNEp/7Hwx4oxuPSRN7ptaDuBe+Jhlz70PWegtANOUPvMIYlcZBB2E20Ruo0ukvrRRR0teqqFKHLug==
  dependencies:
    "@ckeditor/ckeditor5-clipboard" "43.2.0"
    "@ckeditor/ckeditor5-core" "43.2.0"
    "@ckeditor/ckeditor5-engine" "43.2.0"
    "@ckeditor/ckeditor5-typing" "43.2.0"
    "@ckeditor/ckeditor5-ui" "43.2.0"
    "@ckeditor/ckeditor5-utils" "43.2.0"
    "@ckeditor/ckeditor5-widget" "43.2.0"
    ckeditor5 "43.2.0"
    lodash-es "4.17.21"

"@ckeditor/ckeditor5-list@43.2.0":
  version "43.2.0"
  resolved "https://registry.yarnpkg.com/@ckeditor/ckeditor5-list/-/ckeditor5-list-43.2.0.tgz#c6ddc43e279081f4a61dea5052527562b377d45a"
  integrity sha512-HljK5Ew3fgPX/FYiK0ieuGIrjCqiNeVG825UaAeuRHkNm1QgCBF0xQ1fsaiJw7/lTXfPA5KhzD3ezEwI1qWytQ==
  dependencies:
    "@ckeditor/ckeditor5-clipboard" "43.2.0"
    "@ckeditor/ckeditor5-core" "43.2.0"
    "@ckeditor/ckeditor5-engine" "43.2.0"
    "@ckeditor/ckeditor5-enter" "43.2.0"
    "@ckeditor/ckeditor5-typing" "43.2.0"
    "@ckeditor/ckeditor5-ui" "43.2.0"
    "@ckeditor/ckeditor5-utils" "43.2.0"
    ckeditor5 "43.2.0"

"@ckeditor/ckeditor5-markdown-gfm@43.2.0":
  version "43.2.0"
  resolved "https://registry.yarnpkg.com/@ckeditor/ckeditor5-markdown-gfm/-/ckeditor5-markdown-gfm-43.2.0.tgz#a38c3d8190104e939618906ed63c19d38799aa85"
  integrity sha512-TJklEGxL7tTm8OfLFAEWDsKRD4TxgSbai45CvuXNuoSnwcUWsXYhsBT8kUD2zAv8zTlh7gy3tFnuhKnLu157uQ==
  dependencies:
    "@ckeditor/ckeditor5-clipboard" "43.2.0"
    "@ckeditor/ckeditor5-core" "43.2.0"
    "@ckeditor/ckeditor5-engine" "43.2.0"
    ckeditor5 "43.2.0"
    marked "4.0.12"
    turndown "7.2.0"
    turndown-plugin-gfm "1.0.2"

"@ckeditor/ckeditor5-media-embed@43.2.0":
  version "43.2.0"
  resolved "https://registry.yarnpkg.com/@ckeditor/ckeditor5-media-embed/-/ckeditor5-media-embed-43.2.0.tgz#b766c18230ee6eb8b1587d10e31f0df49d153227"
  integrity sha512-N+MJUAC7+KPi3CaplVGLmA26W2GEFEukKxKDpjDbpBBgDgwyrJlpfFIOWIvrk+6J1QOwS4yMU+H+1aGypIgd+Q==
  dependencies:
    "@ckeditor/ckeditor5-clipboard" "43.2.0"
    "@ckeditor/ckeditor5-core" "43.2.0"
    "@ckeditor/ckeditor5-engine" "43.2.0"
    "@ckeditor/ckeditor5-typing" "43.2.0"
    "@ckeditor/ckeditor5-ui" "43.2.0"
    "@ckeditor/ckeditor5-undo" "43.2.0"
    "@ckeditor/ckeditor5-utils" "43.2.0"
    "@ckeditor/ckeditor5-widget" "43.2.0"
    ckeditor5 "43.2.0"

"@ckeditor/ckeditor5-mention@43.2.0":
  version "43.2.0"
  resolved "https://registry.yarnpkg.com/@ckeditor/ckeditor5-mention/-/ckeditor5-mention-43.2.0.tgz#5606990c0f26b88df1600278ba5d4e20266f225a"
  integrity sha512-psEgMErFg6cKdEh2cM02tB/s7QJz+g5LlXCQ0k6OaNa/V7zO/qcT/pChrZ/13Mu2dgRKZqBUeeAG4aUXHN7QFQ==
  dependencies:
    "@ckeditor/ckeditor5-core" "43.2.0"
    "@ckeditor/ckeditor5-typing" "43.2.0"
    "@ckeditor/ckeditor5-ui" "43.2.0"
    "@ckeditor/ckeditor5-utils" "43.2.0"
    ckeditor5 "43.2.0"
    lodash-es "4.17.21"

"@ckeditor/ckeditor5-minimap@43.2.0":
  version "43.2.0"
  resolved "https://registry.yarnpkg.com/@ckeditor/ckeditor5-minimap/-/ckeditor5-minimap-43.2.0.tgz#9bb37f50e5da0a4b7640548112596b756553d677"
  integrity sha512-rKECbba7QZtb8Kg5znYSez3y63RfX+19TvMvRwmiNw1aiNluyG04ykC0BBvejavO8Kz/EuNrliNMM3h44Og6jg==
  dependencies:
    "@ckeditor/ckeditor5-core" "43.2.0"
    "@ckeditor/ckeditor5-engine" "43.2.0"
    "@ckeditor/ckeditor5-ui" "43.2.0"
    "@ckeditor/ckeditor5-utils" "43.2.0"
    ckeditor5 "43.2.0"

"@ckeditor/ckeditor5-page-break@43.2.0":
  version "43.2.0"
  resolved "https://registry.yarnpkg.com/@ckeditor/ckeditor5-page-break/-/ckeditor5-page-break-43.2.0.tgz#060b6ac426a1add31c50c9a95cd73c4bb1ed4f4d"
  integrity sha512-ukHpucDP0hskHEV1ql9G55dFiNCamI87vuHdLvEy0x/Th89C2ITswxfQAxMbZb1W0Vg93eMKyYf8pbg+YvcjwQ==
  dependencies:
    "@ckeditor/ckeditor5-core" "43.2.0"
    "@ckeditor/ckeditor5-ui" "43.2.0"
    "@ckeditor/ckeditor5-widget" "43.2.0"
    ckeditor5 "43.2.0"

"@ckeditor/ckeditor5-paragraph@43.2.0":
  version "43.2.0"
  resolved "https://registry.yarnpkg.com/@ckeditor/ckeditor5-paragraph/-/ckeditor5-paragraph-43.2.0.tgz#e064ad2ccb871cdcbd941b0f057aafbf3c4743eb"
  integrity sha512-Gi7Plu75rlwiV55K1V06iVdPAGOn1FKX2JPgK+eTfYe2uZeJlJWkjvkl8x32IxJxT9Z8V1yECcg/I8A0J4IdlA==
  dependencies:
    "@ckeditor/ckeditor5-core" "43.2.0"
    "@ckeditor/ckeditor5-ui" "43.2.0"
    "@ckeditor/ckeditor5-utils" "43.2.0"

"@ckeditor/ckeditor5-paste-from-office@43.2.0":
  version "43.2.0"
  resolved "https://registry.yarnpkg.com/@ckeditor/ckeditor5-paste-from-office/-/ckeditor5-paste-from-office-43.2.0.tgz#c81aa7bee6b2e7289448aa819d345db2d2a39695"
  integrity sha512-+jPVd79p1oyuIcW5Pq4LsxAN5ZxjtJaasx2flGi9mLMFaLxnO/JteFs0rH7BAavURrxdhvXuIosYMGfPWleGLw==
  dependencies:
    "@ckeditor/ckeditor5-clipboard" "43.2.0"
    "@ckeditor/ckeditor5-core" "43.2.0"
    "@ckeditor/ckeditor5-engine" "43.2.0"
    ckeditor5 "43.2.0"

"@ckeditor/ckeditor5-remove-format@43.2.0":
  version "43.2.0"
  resolved "https://registry.yarnpkg.com/@ckeditor/ckeditor5-remove-format/-/ckeditor5-remove-format-43.2.0.tgz#4e6dc2fb1ed42add374f2808f5f9b82b6f1ac5e9"
  integrity sha512-BrtlTWrvg4hcbPvTck9bqIVtDfbanPYGvh+qf3NCX4USxqzAs+zz3tT105JUAY0FF0Qngcvjz6gTfTTwXom//g==
  dependencies:
    "@ckeditor/ckeditor5-core" "43.2.0"
    "@ckeditor/ckeditor5-ui" "43.2.0"
    "@ckeditor/ckeditor5-utils" "43.2.0"
    ckeditor5 "43.2.0"

"@ckeditor/ckeditor5-restricted-editing@43.2.0":
  version "43.2.0"
  resolved "https://registry.yarnpkg.com/@ckeditor/ckeditor5-restricted-editing/-/ckeditor5-restricted-editing-43.2.0.tgz#aa9c12e20250971e54d61924fc4091b324b673a8"
  integrity sha512-RKYLNbbKks0O6axiE0acYOq5IAdtRGhCC557szUSzFZsGh31LHRPxa7ZpwjKuuefUp4uI11HzFyXXBQfykdnDQ==
  dependencies:
    "@ckeditor/ckeditor5-core" "43.2.0"
    "@ckeditor/ckeditor5-engine" "43.2.0"
    "@ckeditor/ckeditor5-ui" "43.2.0"
    "@ckeditor/ckeditor5-utils" "43.2.0"
    ckeditor5 "43.2.0"

"@ckeditor/ckeditor5-select-all@43.2.0":
  version "43.2.0"
  resolved "https://registry.yarnpkg.com/@ckeditor/ckeditor5-select-all/-/ckeditor5-select-all-43.2.0.tgz#4d9c87db335ccb581c0b056a9cfbeb55f3452249"
  integrity sha512-wHFKg/7UsxmR6YBKZnF+4kS8m0cDe+r4IotVcnJcxDRpIuHDNlROKohdMrKdBl6I++6nwvkD3da0Dsxd9gJ8Sw==
  dependencies:
    "@ckeditor/ckeditor5-core" "43.2.0"
    "@ckeditor/ckeditor5-ui" "43.2.0"
    "@ckeditor/ckeditor5-utils" "43.2.0"

"@ckeditor/ckeditor5-show-blocks@43.2.0":
  version "43.2.0"
  resolved "https://registry.yarnpkg.com/@ckeditor/ckeditor5-show-blocks/-/ckeditor5-show-blocks-43.2.0.tgz#101f36b86422bd65852392b2d961a949e27896e8"
  integrity sha512-VFXRvDRZvTX+t+lUxdK6sGPy/Lqu5h2OIYnTHykknwwySunOH1gCUjo1iVs0mrCKLwhmcp8fOeQjjdL811xcXQ==
  dependencies:
    "@ckeditor/ckeditor5-core" "43.2.0"
    "@ckeditor/ckeditor5-ui" "43.2.0"
    ckeditor5 "43.2.0"

"@ckeditor/ckeditor5-source-editing@43.2.0":
  version "43.2.0"
  resolved "https://registry.yarnpkg.com/@ckeditor/ckeditor5-source-editing/-/ckeditor5-source-editing-43.2.0.tgz#fe005000d4aaa2b4b0e169a7f53a0c4979cee80d"
  integrity sha512-b8/PGBybNp//2thS2Objsl7Q+YZ7JHhVZhqH2T27cEIkFlMOag5lfA0Rpz8ClrNxY4MDu/0ArHyjFG8TkjPkvA==
  dependencies:
    "@ckeditor/ckeditor5-core" "43.2.0"
    "@ckeditor/ckeditor5-theme-lark" "43.2.0"
    "@ckeditor/ckeditor5-ui" "43.2.0"
    "@ckeditor/ckeditor5-utils" "43.2.0"
    ckeditor5 "43.2.0"

"@ckeditor/ckeditor5-special-characters@43.2.0":
  version "43.2.0"
  resolved "https://registry.yarnpkg.com/@ckeditor/ckeditor5-special-characters/-/ckeditor5-special-characters-43.2.0.tgz#fde99a9b62e144ebc1261c1e4ab1e2135bce660b"
  integrity sha512-VHe2MHFUwxFMSo/RKDqLF18dobaIMQoGnMWqZtWi5maQ1xs/l1Mo0Ohh+tdFYCQq97lNuZ4Z3z/FravZAlqV7A==
  dependencies:
    "@ckeditor/ckeditor5-core" "43.2.0"
    "@ckeditor/ckeditor5-typing" "43.2.0"
    "@ckeditor/ckeditor5-ui" "43.2.0"
    "@ckeditor/ckeditor5-utils" "43.2.0"
    ckeditor5 "43.2.0"

"@ckeditor/ckeditor5-style@43.2.0":
  version "43.2.0"
  resolved "https://registry.yarnpkg.com/@ckeditor/ckeditor5-style/-/ckeditor5-style-43.2.0.tgz#aa5d77c0f4687d991ce51c534d1400fe0b2557d5"
  integrity sha512-24Gk9iWOtiN1YaJh24QNSjafFMeidmW6NbtaldVibLKwJRFD2oNXvqccSGztj/+cv0FLK8rK1KHFYcm4WSCT3w==
  dependencies:
    "@ckeditor/ckeditor5-core" "43.2.0"
    "@ckeditor/ckeditor5-typing" "43.2.0"
    "@ckeditor/ckeditor5-ui" "43.2.0"
    "@ckeditor/ckeditor5-utils" "43.2.0"
    ckeditor5 "43.2.0"
    lodash-es "4.17.21"

"@ckeditor/ckeditor5-table@43.2.0":
  version "43.2.0"
  resolved "https://registry.yarnpkg.com/@ckeditor/ckeditor5-table/-/ckeditor5-table-43.2.0.tgz#2ae56cb724e854ea26cb11336e8548a5ca1015a9"
  integrity sha512-sIA1Ik8shdrsy2sgDXLX7uZgPuNTEgZ0/H9/aKDX7cg8Z+vQozhElHb1H17oC5a1qoxwQF+qt8FoLgtguZ5gDQ==
  dependencies:
    "@ckeditor/ckeditor5-clipboard" "43.2.0"
    "@ckeditor/ckeditor5-core" "43.2.0"
    "@ckeditor/ckeditor5-engine" "43.2.0"
    "@ckeditor/ckeditor5-ui" "43.2.0"
    "@ckeditor/ckeditor5-utils" "43.2.0"
    "@ckeditor/ckeditor5-widget" "43.2.0"
    ckeditor5 "43.2.0"
    lodash-es "4.17.21"

"@ckeditor/ckeditor5-theme-lark@43.2.0":
  version "43.2.0"
  resolved "https://registry.yarnpkg.com/@ckeditor/ckeditor5-theme-lark/-/ckeditor5-theme-lark-43.2.0.tgz#5e987a0bea5b3944bcca4f0f02dfc48631fb51fa"
  integrity sha512-K6KH0Wakzuf43XFmLN49qu1svwpb2FDP/wM+Vo+UolI3krRRxr6uTXQ9D3O8S4ckMJhwcrVRerBHtlZst0dXew==
  dependencies:
    "@ckeditor/ckeditor5-ui" "43.2.0"

"@ckeditor/ckeditor5-typing@43.2.0":
  version "43.2.0"
  resolved "https://registry.yarnpkg.com/@ckeditor/ckeditor5-typing/-/ckeditor5-typing-43.2.0.tgz#88b868757792be5a7c1b0720c7197842907d4367"
  integrity sha512-IfuEYE9PonfxNe6RENtMIRqeN/ytX64781EVVhVl5FOebNFGKHscw+j0cCrqDGPGq7yVVvehEdCrl2xAXy+gyw==
  dependencies:
    "@ckeditor/ckeditor5-core" "43.2.0"
    "@ckeditor/ckeditor5-engine" "43.2.0"
    "@ckeditor/ckeditor5-utils" "43.2.0"
    lodash-es "4.17.21"

"@ckeditor/ckeditor5-ui@43.2.0":
  version "43.2.0"
  resolved "https://registry.yarnpkg.com/@ckeditor/ckeditor5-ui/-/ckeditor5-ui-43.2.0.tgz#871545daca4bb451800eda95306849cc468bbaa1"
  integrity sha512-sGWW4tqGvs7VvZJHZG2qLYBV3+fU4yLiZcLLG6zDU+RrK6rS2cndspjyBIDj94gdFA2tEXqMkteZeEekPrtLIw==
  dependencies:
    "@ckeditor/ckeditor5-core" "43.2.0"
    "@ckeditor/ckeditor5-engine" "43.2.0"
    "@ckeditor/ckeditor5-utils" "43.2.0"
    color-convert "2.0.1"
    color-parse "1.4.2"
    lodash-es "4.17.21"
    vanilla-colorful "0.7.2"

"@ckeditor/ckeditor5-undo@43.2.0":
  version "43.2.0"
  resolved "https://registry.yarnpkg.com/@ckeditor/ckeditor5-undo/-/ckeditor5-undo-43.2.0.tgz#b4c7713e77130fbdadba356bf5fa16003a69f05f"
  integrity sha512-BXApTSSicRIeKReYt3mla9IQfEpgSOFJjtC0jvHbfsVcC9xvo6B0Fxu9DhTzkXFasZtZvCdOqPCSF3oulqJGxQ==
  dependencies:
    "@ckeditor/ckeditor5-core" "43.2.0"
    "@ckeditor/ckeditor5-engine" "43.2.0"
    "@ckeditor/ckeditor5-ui" "43.2.0"

"@ckeditor/ckeditor5-upload@43.2.0":
  version "43.2.0"
  resolved "https://registry.yarnpkg.com/@ckeditor/ckeditor5-upload/-/ckeditor5-upload-43.2.0.tgz#fcadc40e44d54edd7b5d088485573353f5f99823"
  integrity sha512-KPyXPCFTKQxjuwmyk3vgUoXTuBJctH4U67LdarsplwszOOS0Ho89bExY3VOQ5aGB7y7mk4oOS9tSKWyt64ASIg==
  dependencies:
    "@ckeditor/ckeditor5-core" "43.2.0"
    "@ckeditor/ckeditor5-utils" "43.2.0"

"@ckeditor/ckeditor5-utils@43.2.0":
  version "43.2.0"
  resolved "https://registry.yarnpkg.com/@ckeditor/ckeditor5-utils/-/ckeditor5-utils-43.2.0.tgz#435667e21564a5e72c1ad05ab4d6eb18b0f56612"
  integrity sha512-0Q2Yj22+a2lcj+YHqe7JOmJANVjmDqAGOwjfYRUoZGXefb6yuEzEpzDin4rU/Msrnll1KrH+mD73HSxUgmgi1Q==
  dependencies:
    lodash-es "4.17.21"

"@ckeditor/ckeditor5-vue@^7.2.0":
  version "7.2.0"
  resolved "https://registry.yarnpkg.com/@ckeditor/ckeditor5-vue/-/ckeditor5-vue-7.2.0.tgz#22b615ad03ecc9316fd4de3bc1d09ce1c637d05d"
  integrity sha512-Q0BG7ie2YAH3ZhTK2rCGCGR1aeZGBzpoq1gl8Omp6o8b6qqvEt0T03Pps2N/+fa1OihR9Uf1NAWE0l8Zp9vOLg==
  dependencies:
    "@ckeditor/ckeditor5-integrations-common" "^2.1.0"
    lodash-es "^4.17.21"

"@ckeditor/ckeditor5-watchdog@43.2.0":
  version "43.2.0"
  resolved "https://registry.yarnpkg.com/@ckeditor/ckeditor5-watchdog/-/ckeditor5-watchdog-43.2.0.tgz#2770d7725558498fcd37075ee8d05683cfec75e1"
  integrity sha512-hQ6+8uGJekGkPiAW6+DzhvJNXzo7SKaS+rRcI7ERm9O6CSP/vFyc77uw5Y1SDr1PlzF/bdWksEv5zqxiebQW0Q==
  dependencies:
    lodash-es "4.17.21"

"@ckeditor/ckeditor5-widget@43.2.0":
  version "43.2.0"
  resolved "https://registry.yarnpkg.com/@ckeditor/ckeditor5-widget/-/ckeditor5-widget-43.2.0.tgz#05de9ccc3d8f6589b30de7baf7dcc3ee5ce0b343"
  integrity sha512-qWyh4ZRvEmz+prHSx+oIaEIqS4jO1UcCFgmC/cuVp3jSXovBgbkSK1G8FqNdf+JHjc2hrZnfKm3Tb4N8OmEbLg==
  dependencies:
    "@ckeditor/ckeditor5-core" "43.2.0"
    "@ckeditor/ckeditor5-engine" "43.2.0"
    "@ckeditor/ckeditor5-enter" "43.2.0"
    "@ckeditor/ckeditor5-typing" "43.2.0"
    "@ckeditor/ckeditor5-ui" "43.2.0"
    "@ckeditor/ckeditor5-utils" "43.2.0"
    lodash-es "4.17.21"

"@ckeditor/ckeditor5-word-count@43.2.0":
  version "43.2.0"
  resolved "https://registry.yarnpkg.com/@ckeditor/ckeditor5-word-count/-/ckeditor5-word-count-43.2.0.tgz#a3d2c95ebca30e23de65cf238b143370e06089b5"
  integrity sha512-gp9hHmOGStvA6wpSY4h0LwqTGYSdMRZ8/8XnUFHQ4QiKirejzmHA9K2lWL4grqCTZh5sfO7ZzaX1mx/QctpFxw==
  dependencies:
    "@ckeditor/ckeditor5-core" "43.2.0"
    "@ckeditor/ckeditor5-ui" "43.2.0"
    "@ckeditor/ckeditor5-utils" "43.2.0"
    ckeditor5 "43.2.0"
    lodash-es "4.17.21"

"@mixmark-io/domino@^2.2.0":
  version "2.2.0"
  resolved "https://registry.yarnpkg.com/@mixmark-io/domino/-/domino-2.2.0.tgz#4e8ec69bf1afeb7a14f0628b7e2c0f35bdb336c3"
  integrity sha512-Y28PR25bHXUg88kCV7nivXrP2Nj2RueZ3/l/jdx6J9f8J4nsEGcgX0Qe6lt7Pa+J79+kPiJU3LguR6O/6zrLOw==

blurhash@2.0.5:
  version "2.0.5"
  resolved "https://registry.yarnpkg.com/blurhash/-/blurhash-2.0.5.tgz#efde729fc14a2f03571a6aa91b49cba80d1abe4b"
  integrity sha512-cRygWd7kGBQO3VEhPiTgq4Wc43ctsM+o46urrmPOiuAe+07fzlSB9OJVdpgDL0jPqXUVQ9ht7aq7kxOeJHRK+w==

ckeditor5@43.2.0:
  version "43.2.0"
  resolved "https://registry.yarnpkg.com/ckeditor5/-/ckeditor5-43.2.0.tgz#766dcb1f9ac29764114a63ac9afcdf87ef1e178f"
  integrity sha512-wtW2TICJiXoOPK2K4L1oiO+HWBS6ifVQW2k80DoQI7cDranUC0FKMNirYZZXNdK0SYH87RSLZR8hHAAdbbOPBA==
  dependencies:
    "@ckeditor/ckeditor5-adapter-ckfinder" "43.2.0"
    "@ckeditor/ckeditor5-alignment" "43.2.0"
    "@ckeditor/ckeditor5-autoformat" "43.2.0"
    "@ckeditor/ckeditor5-autosave" "43.2.0"
    "@ckeditor/ckeditor5-basic-styles" "43.2.0"
    "@ckeditor/ckeditor5-block-quote" "43.2.0"
    "@ckeditor/ckeditor5-ckbox" "43.2.0"
    "@ckeditor/ckeditor5-ckfinder" "43.2.0"
    "@ckeditor/ckeditor5-clipboard" "43.2.0"
    "@ckeditor/ckeditor5-cloud-services" "43.2.0"
    "@ckeditor/ckeditor5-code-block" "43.2.0"
    "@ckeditor/ckeditor5-core" "43.2.0"
    "@ckeditor/ckeditor5-easy-image" "43.2.0"
    "@ckeditor/ckeditor5-editor-balloon" "43.2.0"
    "@ckeditor/ckeditor5-editor-classic" "43.2.0"
    "@ckeditor/ckeditor5-editor-decoupled" "43.2.0"
    "@ckeditor/ckeditor5-editor-inline" "43.2.0"
    "@ckeditor/ckeditor5-editor-multi-root" "43.2.0"
    "@ckeditor/ckeditor5-engine" "43.2.0"
    "@ckeditor/ckeditor5-enter" "43.2.0"
    "@ckeditor/ckeditor5-essentials" "43.2.0"
    "@ckeditor/ckeditor5-find-and-replace" "43.2.0"
    "@ckeditor/ckeditor5-font" "43.2.0"
    "@ckeditor/ckeditor5-heading" "43.2.0"
    "@ckeditor/ckeditor5-highlight" "43.2.0"
    "@ckeditor/ckeditor5-horizontal-line" "43.2.0"
    "@ckeditor/ckeditor5-html-embed" "43.2.0"
    "@ckeditor/ckeditor5-html-support" "43.2.0"
    "@ckeditor/ckeditor5-image" "43.2.0"
    "@ckeditor/ckeditor5-indent" "43.2.0"
    "@ckeditor/ckeditor5-language" "43.2.0"
    "@ckeditor/ckeditor5-link" "43.2.0"
    "@ckeditor/ckeditor5-list" "43.2.0"
    "@ckeditor/ckeditor5-markdown-gfm" "43.2.0"
    "@ckeditor/ckeditor5-media-embed" "43.2.0"
    "@ckeditor/ckeditor5-mention" "43.2.0"
    "@ckeditor/ckeditor5-minimap" "43.2.0"
    "@ckeditor/ckeditor5-page-break" "43.2.0"
    "@ckeditor/ckeditor5-paragraph" "43.2.0"
    "@ckeditor/ckeditor5-paste-from-office" "43.2.0"
    "@ckeditor/ckeditor5-remove-format" "43.2.0"
    "@ckeditor/ckeditor5-restricted-editing" "43.2.0"
    "@ckeditor/ckeditor5-select-all" "43.2.0"
    "@ckeditor/ckeditor5-show-blocks" "43.2.0"
    "@ckeditor/ckeditor5-source-editing" "43.2.0"
    "@ckeditor/ckeditor5-special-characters" "43.2.0"
    "@ckeditor/ckeditor5-style" "43.2.0"
    "@ckeditor/ckeditor5-table" "43.2.0"
    "@ckeditor/ckeditor5-theme-lark" "43.2.0"
    "@ckeditor/ckeditor5-typing" "43.2.0"
    "@ckeditor/ckeditor5-ui" "43.2.0"
    "@ckeditor/ckeditor5-undo" "43.2.0"
    "@ckeditor/ckeditor5-upload" "43.2.0"
    "@ckeditor/ckeditor5-utils" "43.2.0"
    "@ckeditor/ckeditor5-watchdog" "43.2.0"
    "@ckeditor/ckeditor5-widget" "43.2.0"
    "@ckeditor/ckeditor5-word-count" "43.2.0"

color-convert@2.0.1:
  version "2.0.1"
  resolved "https://registry.yarnpkg.com/color-convert/-/color-convert-2.0.1.tgz#72d3a68d598c9bdb3af2ad1e84f21d896abd4de3"
  integrity sha512-RRECPsj7iu/xb5oKYcsFHSppFNnsj/52OVTRKb4zP5onXwVF3zVmmToNcOfGC+CRDpfK/U584fMg38ZHCaElKQ==
  dependencies:
    color-name "~1.1.4"

color-name@^1.0.0, color-name@~1.1.4:
  version "1.1.4"
  resolved "https://registry.yarnpkg.com/color-name/-/color-name-1.1.4.tgz#c2a09a87acbde69543de6f63fa3995c826c536a2"
  integrity sha512-dOy+3AuW3a2wNbZHIuMZpTcgjGuLU/uBL/ubcZF9OXbDo8ff4O8yVp5Bf0efS8uEoYo5q4Fx7dY9OgQGXgAsQA==

color-parse@1.4.2:
  version "1.4.2"
  resolved "https://registry.yarnpkg.com/color-parse/-/color-parse-1.4.2.tgz#78651f5d34df1a57f997643d86f7f87268ad4eb5"
  integrity sha512-RI7s49/8yqDj3fECFZjUI1Yi0z/Gq1py43oNJivAIIDSyJiOZLfYCRQEgn8HEVAj++PcRe8AnL2XF0fRJ3BTnA==
  dependencies:
    color-name "^1.0.0"

lodash-es@4.17.21, lodash-es@^4.17.21:
  version "4.17.21"
  resolved "https://registry.yarnpkg.com/lodash-es/-/lodash-es-4.17.21.tgz#43e626c46e6591b7750beb2b50117390c609e3ee"
  integrity sha512-mKnC+QJ9pWVzv+C4/U3rRsHapFfHvQFoFB92e52xeyGMcX6/OlIl78je1u8vePzYZSkkogMPJ2yjxxsb89cxyw==

marked@4.0.12:
  version "4.0.12"
  resolved "https://registry.yarnpkg.com/marked/-/marked-4.0.12.tgz#2262a4e6fd1afd2f13557726238b69a48b982f7d"
  integrity sha512-hgibXWrEDNBWgGiK18j/4lkS6ihTe9sxtV4Q1OQppb/0zzyPSzoFANBa5MfsG/zgsWklmNnhm0XACZOH/0HBiQ==

turndown-plugin-gfm@1.0.2:
  version "1.0.2"
  resolved "https://registry.yarnpkg.com/turndown-plugin-gfm/-/turndown-plugin-gfm-1.0.2.tgz#6f8678a361f35220b2bdf5619e6049add75bf1c7"
  integrity sha512-vwz9tfvF7XN/jE0dGoBei3FXWuvll78ohzCZQuOb+ZjWrs3a0XhQVomJEb2Qh4VHTPNRO4GPZh0V7VRbiWwkRg==

turndown@7.2.0:
  version "7.2.0"
  resolved "https://registry.yarnpkg.com/turndown/-/turndown-7.2.0.tgz#67d614fe8371fb511079a93345abfd156c0ffcf4"
  integrity sha512-eCZGBN4nNNqM9Owkv9HAtWRYfLA4h909E/WGAWWBpmB275ehNhZyk87/Tpvjbp0jjNl9XwCsbe6bm6CqFsgD+A==
  dependencies:
    "@mixmark-io/domino" "^2.2.0"

vanilla-colorful@0.7.2:
  version "0.7.2"
  resolved "https://registry.yarnpkg.com/vanilla-colorful/-/vanilla-colorful-0.7.2.tgz#3fb1f4b9f15b797e20fd1ce8e0364f33b073f4a2"
  integrity sha512-z2YZusTFC6KnLERx1cgoIRX2CjPRP0W75N+3CC6gbvdX5Ch47rZkEMGO2Xnf+IEmi3RiFLxS18gayMA27iU7Kg==
